
Microsoft Visual Studio Solution File, Format Version 12.00
# Visual Studio Version 17
VisualStudioVersion = 17.13.35806.99
MinimumVisualStudioVersion = 10.0.40219.1
Project("{FAE04EC0-301F-11D3-BF4B-00C04F79EFBC}") = "NestedClassesDemo", "NestedClassesDemo\NestedClassesDemo.csproj", "{9AEA87C6-6CFD-4FFD-81F2-D9CE71719587}"
EndProject
Global
	GlobalSection(SolutionConfigurationPlatforms) = preSolution
		Debug|Any CPU = Debug|Any CPU
		Release|Any CPU = Release|Any CPU
	EndGlobalSection
	GlobalSection(ProjectConfigurationPlatforms) = postSolution
		{9AEA87C6-6CFD-4FFD-81F2-D9CE71719587}.Debug|Any CPU.ActiveCfg = Debug|Any CPU
		{9AEA87C6-6CFD-4FFD-81F2-D9CE71719587}.Debug|Any CPU.Build.0 = Debug|Any CPU
		{9AEA87C6-6CFD-4FFD-81F2-D9CE71719587}.Release|Any CPU.ActiveCfg = Release|Any CPU
		{9AEA87C6-6CFD-4FFD-81F2-D9CE71719587}.Release|Any CPU.Build.0 = Release|Any CPU
	EndGlobalSection
	GlobalSection(SolutionProperties) = preSolution
		HideSolutionNode = FALSE
	EndGlobalSection
	GlobalSection(ExtensibilityGlobals) = postSolution
		SolutionGuid = {811C501D-31AE-421C-B106-09E6F1831A0E}
	EndGlobalSection
EndGlobal
